
Microsoft Visual Studio Solution File, Format Version 12.00
# Visual Studio Version 17
VisualStudioVersion = 17.8.34330.188
MinimumVisualStudioVersion = 10.0.40219.1
Project("{9A19103F-16F7-4668-BE54-9A1E7A4F7556}") = "ConvergenceLib", "IOCL\ConvergenceLib.csproj", "{DE304140-5974-4D17-BB1A-9C8AC0E018A4}"
EndProject
Project("{9A19103F-16F7-4668-BE54-9A1E7A4F7556}") = "TestIOCL", "TestIOCL\TestIOCL.csproj", "{AB45674C-8982-4AD9-BFFD-F090181BF6D8}"
EndProject
Global
	GlobalSection(SolutionConfigurationPlatforms) = preSolution
		Debug|Any CPU = Debug|Any CPU
		Release|Any CPU = Release|Any CPU
	EndGlobalSection
	GlobalSection(ProjectConfigurationPlatforms) = postSolution
		{DE304140-5974-4D17-BB1A-9C8AC0E018A4}.Debug|Any CPU.ActiveCfg = Debug|Any CPU
		{DE304140-5974-4D17-BB1A-9C8AC0E018A4}.Debug|Any CPU.Build.0 = Debug|Any CPU
		{DE304140-5974-4D17-BB1A-9C8AC0E018A4}.Release|Any CPU.ActiveCfg = Release|Any CPU
		{DE304140-5974-4D17-BB1A-9C8AC0E018A4}.Release|Any CPU.Build.0 = Release|Any CPU
		{AB45674C-8982-4AD9-BFFD-F090181BF6D8}.Debug|Any CPU.ActiveCfg = Debug|Any CPU
		{AB45674C-8982-4AD9-BFFD-F090181BF6D8}.Debug|Any CPU.Build.0 = Debug|Any CPU
		{AB45674C-8982-4AD9-BFFD-F090181BF6D8}.Release|Any CPU.ActiveCfg = Release|Any CPU
		{AB45674C-8982-4AD9-BFFD-F090181BF6D8}.Release|Any CPU.Build.0 = Release|Any CPU
	EndGlobalSection
	GlobalSection(SolutionProperties) = preSolution
		HideSolutionNode = FALSE
	EndGlobalSection
	GlobalSection(ExtensibilityGlobals) = postSolution
		SolutionGuid = {F6ABB2CE-71C1-4730-A30B-46B42E5DD29A}
	EndGlobalSection
EndGlobal
